schema: '2.0'
stages:
  prepare:
    cmd: python fashion_mnist/data/make_dataset.py
    deps:
    - path: fashion_mnist/data/make_dataset.py
      md5: 1f44466f9de2452814d1543517d45d97
      size: 1401
    outs:
    - path: data/interim
      md5: b86e08536c44f8197d9a7b525eac966c.dir
      size: 155204944
      nfiles: 2
    - path: data/raw
      md5: 8a31b1338b609cf1133d1df639de606c.dir
      size: 30878645
      nfiles: 4
  visualize:
    cmd: python fashion_mnist/visualization/visualize.py
    deps:
    - path: data/interim
      md5: b86e08536c44f8197d9a7b525eac966c.dir
      size: 155204944
      nfiles: 2
    - path: fashion_mnist/visualization/visualize.py
      md5: d100d22e6704b5c843585e3ac88c1928
      size: 912
    outs:
    - path: reports/figures/zalando-mnist-sprite.png
      md5: 5b6ec5fbe22eac8139544b5e4eeaee1a
      size: 260217
  featurize:
    cmd: python fashion_mnist/features/build_features.py
    deps:
    - path: data/interim
      md5: b86e08536c44f8197d9a7b525eac966c.dir
      size: 155204944
      nfiles: 2
    - path: fashion_mnist/features/build_features.py
      md5: 85c914e6c97971bc87062ff569312174
      size: 881
    outs:
    - path: data/processed
      md5: 1d781b2497211232451126d42c1b12fc.dir
      size: 61026694
      nfiles: 2
  train:
    cmd: python fashion_mnist/models/train_model.py
    deps:
    - path: data/processed
      md5: 1d781b2497211232451126d42c1b12fc.dir
      size: 61026694
      nfiles: 2
    - path: fashion_mnist/models/train_model.py
      md5: de27f7ebacb955fac94fb419e3a7f438
      size: 1100
    params:
      params.yaml:
        seed: 20211121
        train.max_depth: 10
        train.num_estimators: 100
        train.val_split: 0.15
    outs:
    - path: models/model.joblib
      md5: 1a30ac44ffbe3b74eb1d84bdd93c846a
      size: 46237240
  evaluate:
    cmd: python fashion_mnist/models/evaluate_model.py
    deps:
    - path: fashion_mnist/models/evaluate_model.py
      md5: e3e8b7b0da7074f192a21a924bdc6770
      size: 3656
    - path: models/model.joblib
      md5: 1a30ac44ffbe3b74eb1d84bdd93c846a
      size: 46237240
    outs:
    - path: models/metrics.json
      md5: a34678fb376556af6ba92be204f1c4fc
      size: 150
    - path: models/prc-0.json
      md5: cd7187e74e01c90eafe530bd5d69b247
      size: 132114
    - path: models/prc-1.json
      md5: c7a5c2480459dd65e1a8daa55d95c660
      size: 135390
    - path: models/prc-2.json
      md5: 9691a3b35eefdf6ec7f13ef784ebb4b3
      size: 132801
    - path: models/prc-3.json
      md5: cb8ed70b005e9caea2e037be1f51aa27
      size: 129801
    - path: models/prc-4.json
      md5: 866f0dbbd062580cd5ad1fd631702efe
      size: 139275
    - path: models/prc-5.json
      md5: bbb61459eb2a476b837e812cc1d2ae7d
      size: 96702
    - path: models/prc-6.json
      md5: 290bd5c4b248bec58eb5589342a37fae
      size: 126575
    - path: models/prc-7.json
      md5: 607b24d08fdc49fac5836d7e14630ae2
      size: 98069
    - path: models/prc-8.json
      md5: df08ee9d99c99c18a89a11b0a93cf5d7
      size: 132559
    - path: models/prc-9.json
      md5: faf6a66b2d4192c208f8cce5af999514
      size: 136361
    - path: models/predictions.csv
      md5: 7ef6c2dde18da178717336f7b74d7860
      size: 171860
    - path: models/roc-0.json
      md5: 4fed623316c6f72bb869cb61a14d47db
      size: 100034
    - path: models/roc-1.json
      md5: c105653b69b9731d2f879ef36978ff06
      size: 60730
    - path: models/roc-2.json
      md5: 18d54c3fd91c19e8f0627bbfd058090d
      size: 144544
    - path: models/roc-3.json
      md5: 50c99df957ed508e255e14bb634c5d71
      size: 92591
    - path: models/roc-4.json
      md5: 5a9855aca67771c28c3d30756984d23d
      size: 115501
    - path: models/roc-5.json
      md5: 8685a2a8c61786ff21857b6ffdfde7d5
      size: 77595
    - path: models/roc-6.json
      md5: 1f293c26b516a4d984f0dd5a4b682a7f
      size: 165640
    - path: models/roc-7.json
      md5: c231722ab146a93b227a243d99843bbe
      size: 52671
    - path: models/roc-8.json
      md5: c05f4ec6b56be54ecbdbbbcc48686553
      size: 43149
    - path: models/roc-9.json
      md5: 04ff39a7f1ddfab7ffdecc07dda32070
      size: 99301
