schema: '2.0'
stages:
  prepare:
    cmd: python fashion_mnist/data/make_dataset.py
    deps:
    - path: fashion_mnist/data/make_dataset.py
      md5: 1f44466f9de2452814d1543517d45d97
      size: 1401
    outs:
    - path: data/interim
      md5: b86e08536c44f8197d9a7b525eac966c.dir
      size: 155204944
      nfiles: 2
    - path: data/raw
      md5: 8a31b1338b609cf1133d1df639de606c.dir
      size: 30878645
      nfiles: 4
  visualize:
    cmd: python fashion_mnist/visualization/visualize.py
    deps:
    - path: data/interim
      md5: b86e08536c44f8197d9a7b525eac966c.dir
      size: 155204944
      nfiles: 2
    - path: fashion_mnist/visualization/visualize.py
      md5: d100d22e6704b5c843585e3ac88c1928
      size: 912
    outs:
    - path: reports/figures/zalando-mnist-sprite.png
      md5: 5b6ec5fbe22eac8139544b5e4eeaee1a
      size: 260217
  featurize:
    cmd: python fashion_mnist/features/build_features.py
    deps:
    - path: data/interim
      md5: b86e08536c44f8197d9a7b525eac966c.dir
      size: 155204944
      nfiles: 2
    - path: fashion_mnist/features/build_features.py
      md5: 85c914e6c97971bc87062ff569312174
      size: 881
    outs:
    - path: data/processed
      md5: 1d781b2497211232451126d42c1b12fc.dir
      size: 61026694
      nfiles: 2
  train:
    cmd: python fashion_mnist/models/train_model.py
    deps:
    - path: data/processed
      md5: 1d781b2497211232451126d42c1b12fc.dir
      size: 61026694
      nfiles: 2
    - path: fashion_mnist/models/train_model.py
      md5: 53680800f1b97bac4bfaa79eb02d3b6d
      size: 1140
    params:
      params.yaml:
        seed: 20211121
        train.max_depth: 20
        train.num_estimators: 400
        train.val_split: 0.15
    outs:
    - path: models/model.joblib
      md5: b8e87d917225cb28cded09a4e2c43cac
      size: 14364695
  evaluate:
    cmd: python fashion_mnist/models/evaluate_model.py
    deps:
    - path: fashion_mnist/models/evaluate_model.py
      md5: f659769dadb6a57c1cfb81b2232f9f3d
      size: 3712
    - path: models/model.joblib
      md5: b8e87d917225cb28cded09a4e2c43cac
      size: 14364695
    outs:
    - path: models/metrics.json
      md5: 3acfbee1694fc51bffe01d800a084f43
      size: 150
    - path: models/prc-0.json
      md5: ddddbcecd2070bc9832d96c49311c56b
      size: 126040
    - path: models/prc-1.json
      md5: 004142604090aebf03fb5159047fc23f
      size: 130736
    - path: models/prc-2.json
      md5: 10fe755d67e77ad37cc255c37159b99a
      size: 130044
    - path: models/prc-3.json
      md5: 6eb1a1c7d838e2544afeb6b3f3027881
      size: 121984
    - path: models/prc-4.json
      md5: b38ea1ad438b97c534fcc514323789f1
      size: 113876
    - path: models/prc-5.json
      md5: 1e7b010ed265c40a87da2ce80372c12e
      size: 74052
    - path: models/prc-6.json
      md5: 0c6c896405a94d8379021a0bf09e9cee
      size: 130712
    - path: models/prc-7.json
      md5: 80fc1497c4332feb1353abf701bfca6e
      size: 101937
    - path: models/prc-8.json
      md5: a5c74389b36eeafab7925d2bffce5e21
      size: 111073
    - path: models/prc-9.json
      md5: 9f370261791cf3b507c15560cd1933db
      size: 136983
    - path: models/predictions.csv
      md5: bd416bde89d92ea81c8334db57daf395
      size: 167985
    - path: models/roc-0.json
      md5: e7b869c57322e617f1d32d3586b96ec3
      size: 54793
    - path: models/roc-1.json
      md5: bdaefa51fe4c709cdbb7618f878e3ae0
      size: 5540
    - path: models/roc-2.json
      md5: 5a7125839ce3269a7c45c23b1cdc3477
      size: 59643
    - path: models/roc-3.json
      md5: 4b59f31468f0f0140998b3b06c09c34c
      size: 36200
    - path: models/roc-4.json
      md5: 3c637dee495aa5aac10496587d01daa5
      size: 67691
    - path: models/roc-5.json
      md5: d7c338c3ab237f40255c0eea5e42da6c
      size: 7374
    - path: models/roc-6.json
      md5: 959421989b7c2b83c7936fa6c9bcc4bd
      size: 105677
    - path: models/roc-7.json
      md5: 2b2ff4d8d183bc06e8e320630e3648d2
      size: 15455
    - path: models/roc-8.json
      md5: 888e2dc4ba6a9e258d427d581b74b0ad
      size: 8670
    - path: models/roc-9.json
      md5: 49f0acc23c0eabacb5f3ced70eb396bd
      size: 14667
